{
  "name": "@raychee/catalyst-plugin-elasticsearch",
  "version": "0.0.8",
  "lockfileVersion": 1,
  "requires": true,
  "dependencies": {
    "@raychee/utils": {
      "version": "0.2.9",
      "resolved": "https://registry.npm.taobao.org/@raychee/utils/download/@raychee/utils-0.2.9.tgz?cache=0&sync_timestamp=1591363008149&other_urls=https%3A%2F%2Fregistry.npm.taobao.org%2F%40raychee%2Futils%2Fdownload%2F%40raychee%2Futils-0.2.9.tgz",
      "integrity": "sha1-tEETE92AQ4ZoL7PfyVTveft/4rk=",
      "requires": {
        "fast-json-stable-stringify": "^2.1.0",
        "lodash": "^4.17.15"
      }
    },
    "fast-json-stable-stringify": {
      "version": "2.1.0",
      "resolved": "https://registry.npm.taobao.org/fast-json-stable-stringify/download/fast-json-stable-stringify-2.1.0.tgz?cache=0&sync_timestamp=1576340291001&other_urls=https%3A%2F%2Fregistry.npm.taobao.org%2Ffast-json-stable-stringify%2Fdownload%2Ffast-json-stable-stringify-2.1.0.tgz",
      "integrity": "sha1-h0v2nG9ATCtdmcSBNBOZ/VWJJjM="
    },
    "lodash": {
      "version": "4.17.15",
      "resolved": "https://registry.npm.taobao.org/lodash/download/lodash-4.17.15.tgz?cache=0&other_urls=https%3A%2F%2Fregistry.npm.taobao.org%2Flodash%2Fdownload%2Flodash-4.17.15.tgz",
      "integrity": "sha1-tEf2ZwoEVbv+7dETku/zMOoJdUg="
    },
    "uuid": {
      "version": "8.0.0",
      "resolved": "https://registry.npmjs.org/uuid/-/uuid-8.0.0.tgz",
      "integrity": "sha512-jOXGuXZAWdsTH7eZLtyXMqUb9EcWMGZNbL9YcGBJl4MH4nrxHmZJhEHvyLFrkxo+28uLb/NYRcStH48fnD0Vzw=="
    }
  }
}
